// !$*UTF8*$!
{
	archiveVersion = 1;
	classes = {
	};
	objectVersion = 46;
	objects = {

/* Begin PBXBuildFile section */
		361BD4E41E92D43D008BFD31 /* AppDelegate.swift in Sources */ = {isa = PBXBuildFile; fileRef = 361BD4E31E92D43D008BFD31 /* AppDelegate.swift */; };
		361BD4E61E92D43D008BFD31 /* ViewController.swift in Sources */ = {isa = PBXBuildFile; fileRef = 361BD4E51E92D43D008BFD31 /* ViewController.swift */; };
		361BD4E91E92D43D008BFD31 /* Main.storyboard in Resources */ = {isa = PBXBuildFile; fileRef = 361BD4E71E92D43D008BFD31 /* Main.storyboard */; };
		361BD4EB1E92D43D008BFD31 /* Assets.xcassets in Resources */ = {isa = PBXBuildFile; fileRef = 361BD4EA1E92D43D008BFD31 /* Assets.xcassets */; };
		361BD4EE1E92D43D008BFD31 /* LaunchScreen.storyboard in Resources */ = {isa = PBXBuildFile; fileRef = 361BD4EC1E92D43D008BFD31 /* LaunchScreen.storyboard */; };
/* End PBXBuildFile section */

/* Begin PBXFileReference section */
		361BD4E01E92D43D008BFD31 /* TopPlaces.app */ = {isa = PBXFileReference; explicitFileType = wrapper.application; includeInIndex = 0; path = TopPlaces.app; sourceTree = BUILT_PRODUCTS_DIR; };
		361BD4E31E92D43D008BFD31 /* AppDelegate.swift */ = {isa = PBXFileReference; lastKnownFileType = sourcecode.swift; path = AppDelegate.swift; sourceTree = "<group>"; };
		361BD4E51E92D43D008BFD31 /* ViewController.swift */ = {isa = PBXFileReference; lastKnownFileType = sourcecode.swift; path = ViewController.swift; sourceTree = "<group>"; };
		361BD4E81E92D43D008BFD31 /* Base */ = {isa = PBXFileReference; lastKnownFileType = file.storyboard; name = Base; path = Base.lproj/Main.storyboard; sourceTree = "<group>"; };
		361BD4EA1E92D43D008BFD31 /* Assets.xcassets */ = {isa = PBXFileReference; lastKnownFileType = folder.assetcatalog; path = Assets.xcassets; sourceTree = "<group>"; };
		361BD4ED1E92D43D008BFD31 /* Base */ = {isa = PBXFileReference; lastKnownFileType = file.storyboard; name = Base; path = Base.lproj/LaunchScreen.storyboard; sourceTree = "<group>"; };
		361BD4EF1E92D43D008BFD31 /* Info.plist */ = {isa = PBXFileReference; lastKnownFileType = text.plist.xml; path = Info.plist; sourceTree = "<group>"; };
/* End PBXFileReference section */

/* Begin PBXFrameworksBuildPhase section */
		361BD4DD1E92D43D008BFD31 /* Frameworks */ = {
			isa = PBXFrameworksBuildPhase;
			buildActionMask = 2147483647;
			files = (
			);
			runOnlyForDeploymentPostprocessing = 0;
		};
/* End PBXFrameworksBuildPhase section */

/* Begin PBXGroup section */
		361BD4D71E92D43D008BFD31 = {
			isa = PBXGroup;
			children = (
				361BD4E21E92D43D008BFD31 /* TopPlaces */,
				361BD4E11E92D43D008BFD31 /* Products */,
			);
			sourceTree = "<group>";
		};
		361BD4E11E92D43D008BFD31 /* Products */ = {
			isa = PBXGroup;
			children = (
				361BD4E01E92D43D008BFD31 /* TopPlaces.app */,
			);
			name = Products;
			sourceTree = "<group>";
		};
		361BD4E21E92D43D008BFD31 /* TopPlaces */ = {
			isa = PBXGroup;
			children = (
				361BD4E31E92D43D008BFD31 /* AppDelegate.swift */,
				361BD4E51E92D43D008BFD31 /* ViewController.swift */,
				361BD4E71E92D43D008BFD31 /* Main.storyboard */,
				361BD4EA1E92D43D008BFD31 /* Assets.xcassets */,
				361BD4EC1E92D43D008BFD31 /* LaunchScreen.storyboard */,
				361BD4EF1E92D43D008BFD31 /* Info.plist */,
			);
			path = TopPlaces;
			sourceTree = "<group>";
		};
/* End PBXGroup section */

/* Begin PBXNativeTarget section */
		361BD4DF1E92D43D008BFD31 /* TopPlaces */ = {
			isa = PBXNativeTarget;
			buildConfigurationList = 361BD4F21E92D43D008BFD31 /* Build configuration list for PBXNativeTarget "TopPlaces" */;
			buildPhases = (
				361BD4DC1E92D43D008BFD31 /* Sources */,
				361BD4DD1E92D43D008BFD31 /* Frameworks */,
				361BD4DE1E92D43D008BFD31 /* Resources */,
			);
			buildRules = (
			);
			dependencies = (
			);
			name = TopPlaces;
			productName = TopPlaces;
			productReference = 361BD4E01E92D43D008BFD31 /* TopPlaces.app */;
			productType = "com.apple.product-type.application";
		};
/* End PBXNativeTarget section */

/* Begin PBXProject section */
		361BD4D81E92D43D008BFD31 /* Project object */ = {
			isa = PBXProject;
			attributes = {
				LastSwiftUpdateCheck = 0830;
				LastUpgradeCheck = 0830;
				ORGANIZATIONNAME = Polina;
				TargetAttributes = {
					361BD4DF1E92D43D008BFD31 = {
						CreatedOnToolsVersion = 8.3;
						ProvisioningStyle = Automatic;
					};
				};
			};
			buildConfigurationList = 361BD4DB1E92D43D008BFD31 /* Build configuration list for PBXProject "TopPlaces" */;
			compatibilityVersion = "Xcode 3.2";
			developmentRegion = English;
			hasScannedForEncodings = 0;
			knownRegions = (
				en,
				Base,
			);
			mainGroup = 361BD4D71E92D43D008BFD31;
			productRefGroup = 361BD4E11E92D43D008BFD31 /* Products */;
			projectDirPath = "";
			projectRoot = "";
			targets = (
				361BD4DF1E92D43D008BFD31 /* TopPlaces */,
			);
		};
/* End PBXProject section */

/* Begin PBXResourcesBuildPhase section */
		361BD4DE1E92D43D008BFD31 /* Resources */ = {
			isa = PBXResourcesBuildPhase;
			buildActionMask = 2147483647;
			files = (
				361BD4EE1E92D43D008BFD31 /* LaunchScreen.storyboard in Resources */,
				361BD4EB1E92D43D008BFD31 /* Assets.xcassets in Resources */,
				361BD4E91E92D43D008BFD31 /* Main.storyboard in Resources */,
			);
			runOnlyForDeploymentPostprocessing = 0;
		};
/* End PBXResourcesBuildPhase section */

/* Begin PBXSourcesBuildPhase section */
		361BD4DC1E92D43D008BFD31 /* Sources */ = {
			isa = PBXSourcesBuildPhase;
			buildActionMask = 2147483647;
			files = (
				361BD4E61E92D43D008BFD31 /* ViewController.swift in Sources */,
				361BD4E41E92D43D008BFD31 /* AppDelegate.swift in Sources */,
			);
			runOnlyForDeploymentPostprocessing = 0;
		};
/* End PBXSourcesBuildPhase section */

/* Begin PBXVariantGroup section */
		361BD4E71E92D43D008BFD31 /* Main.storyboard */ = {
			isa = PBXVariantGroup;
			children = (
				361BD4E81E92D43D008BFD31 /* Base */,
			);
			name = Main.storyboard;
			sourceTree = "<group>";
		};
		361BD4EC1E92D43D008BFD31 /* LaunchScreen.storyboard */ = {
			isa = PBXVariantGroup;
			children = (
				361BD4ED1E92D43D008BFD31 /* Base */,
			);
			name = LaunchScreen.storyboard;
			sourceTree = "<group>";
		};
/* End PBXVariantGroup section */

/* Begin XCBuildConfiguration section */
		361BD4F01E92D43D008BFD31 /* Debug */ = {
			isa = XCBuildConfiguration;
			buildSettings = {
				ALWAYS_SEARCH_USER_PATHS = NO;
				CLANG_ANALYZER_NONNULL = YES;
				CLANG_ANALYZER_NUMBER_OBJECT_CONVERSION = YES_AGGRESSIVE;
				CLANG_CXX_LANGUAGE_STANDARD = "gnu++0x";
				CLANG_CXX_LIBRARY = "libc++";
				CLANG_ENABLE_MODULES = YES;
				CLANG_ENABLE_OBJC_ARC = YES;
				CLANG_WARN_BOOL_CONVERSION = YES;
				CLANG_WARN_CONSTANT_CONVERSION = YES;
				CLANG_WARN_DIRECT_OBJC_ISA_USAGE = YES_ERROR;
				CLANG_WARN_DOCUMENTATION_COMMENTS = YES;
				CLANG_WARN_EMPTY_BODY = YES;
				CLANG_WARN_ENUM_CONVERSION = YES;
				CLANG_WARN_INFINITE_RECURSION = YES;
				CLANG_WARN_INT_CONVERSION = YES;
				CLANG_WARN_OBJC_ROOT_CLASS = YES_ERROR;
				CLANG_WARN_SUSPICIOUS_MOVE = YES;
				CLANG_WARN_UNREACHABLE_CODE = YES;
				CLANG_WARN__DUPLICATE_METHOD_MATCH = YES;
				"CODE_SIGN_IDENTITY[sdk=iphoneos*]" = "iPhone Developer";
				COPY_PHASE_STRIP = NO;
				DEBUG_INFORMATION_FORMAT = dwarf;
				ENABLE_STRICT_OBJC_MSGSEND = YES;
				ENABLE_TESTABILITY = YES;
				GCC_C_LANGUAGE_STANDARD = gnu99;
				GCC_DYNAMIC_NO_PIC = NO;
				GCC_NO_COMMON_BLOCKS = YES;
				GCC_OPTIMIZATION_LEVEL = 0;
				GCC_PREPROCESSOR_DEFINITIONS = (
					"DEBUG=1",
					"$(inherited)",
				);
				GCC_WARN_64_TO_32_BIT_CONVERSION = YES;
				GCC_WARN_ABOUT_RETURN_TYPE = YES_ERROR;
				GCC_WARN_UNDECLARED_SELECTOR = YES;
				GCC_WARN_UNINITIALIZED_AUTOS = YES_AGGRESSIVE;
				GCC_WARN_UNUSED_FUNCTION = YES;
				GCC_WARN_UNUSED_VARIABLE = YES;
				IPHONEOS_DEPLOYMENT_TARGET = 10.3;
				MTL_ENABLE_DEBUG_INFO = YES;
				ONLY_ACTIVE_ARCH = YES;
				SDKROOT = iphoneos;
				SWIFT_ACTIVE_COMPILATION_CONDITIONS = DEBUG;
				SWIFT_OPTIMIZATION_LEVEL = "-Onone";
				TARGETED_DEVICE_FAMILY = "1,2";
			};
			name = Debug;
		};
		361BD4F11E92D43D008BFD31 /* Release */ = {
			isa = XCBuildConfiguration;
			buildSettings = {
				ALWAYS_SEARCH_USER_PATHS = NO;
				CLANG_ANALYZER_NONNULL = YES;
				CLANG_ANALYZER_NUMBER_OBJECT_CONVERSION = YES_AGGRESSIVE;
				CLANG_CXX_LANGUAGE_STANDARD = "gnu++0x";
				CLANG_CXX_LIBRARY = "libc++";
				CLANG_ENABLE_MODULES = YES;
				CLANG_ENABLE_OBJC_ARC = YES;
				CLANG_WARN_BOOL_CONVERSION = YES;
				CLANG_WARN_CONSTANT_CONVERSION = YES;
				CLANG_WARN_DIRECT_OBJC_ISA_USAGE = YES_ERROR;
				CLANG_WARN_DOCUMENTATION_COMMENTS = YES;
				CLANG_WARN_EMPTY_BODY = YES;
				CLANG_WARN_ENUM_CONVERSION = YES;
				CLANG_WARN_INFINITE_RECURSION = YES;
				CLANG_WARN_INT_CONVERSION = YES;
				CLANG_WARN_OBJC_ROOT_CLASS = YES_ERROR;
				CLANG_WARN_SUSPICIOUS_MOVE = YES;
				CLANG_WARN_UNREACHABLE_CODE = YES;
				CLANG_WARN__DUPLICATE_METHOD_MATCH = YES;
				"CODE_SIGN_IDENTITY[sdk=iphoneos*]" = "iPhone Developer";
				COPY_PHASE_STRIP = NO;
				DEBUG_INFORMATION_FORMAT = "dwarf-with-dsym";
				ENABLE_NS_ASSERTIONS = NO;
				ENABLE_STRICT_OBJC_MSGSEND = YES;
				GCC_C_LANGUAGE_STANDARD = gnu99;
				GCC_NO_COMMON_BLOCKS = YES;
				GCC_WARN_64_TO_32_BIT_CONVERSION = YES;
				GCC_WARN_ABOUT_RETURN_TYPE = YES_ERROR;
				GCC_WARN_UNDECLARED_SELECTOR = YES;
				GCC_WARN_UNINITIALIZED_AUTOS = YES_AGGRESSIVE;
				GCC_WARN_UNUSED_FUNCTION = YES;
				GCC_WARN_UNUSED_VARIABLE = YES;
				IPHONEOS_DEPLOYMENT_TARGET = 10.3;
				MTL_ENABLE_DEBUG_INFO = NO;
				SDKROOT = iphoneos;
				SWIFT_OPTIMIZATION_LEVEL = "-Owholemodule";
				TARGETED_DEVICE_FAMILY = "1,2";
				VALIDATE_PRODUCT = YES;
			};
			name = Release;
		};
		361BD4F31E92D43D008BFD31 /* Debug */ = {
			isa = XCBuildConfiguration;
			buildSettings = {
				ASSETCATALOG_COMPILER_APPICON_NAME = AppIcon;
				INFOPLIST_FILE = TopPlaces/Info.plist;
				LD_RUNPATH_SEARCH_PATHS = "$(inherited) @executable_path/Frameworks";
				PRODUCT_BUNDLE_IDENTIFIER = polin911.TopPlaces;
				PRODUCT_NAME = "$(TARGET_NAME)";
				SWIFT_VERSION = 3.0;
			};
			name = Debug;
		};
		361BD4F41E92D43D008BFD31 /* Release */ = {
			isa = XCBuildConfiguration;
			buildSettings = {
				ASSETCATALOG_COMPILER_APPICON_NAME = AppIcon;
				INFOPLIST_FILE = TopPlaces/Info.plist;
				LD_RUNPATH_SEARCH_PATHS = "$(inherited) @executable_path/Frameworks";
				PRODUCT_BUNDLE_IDENTIFIER = polin911.TopPlaces;
				PRODUCT_NAME = "$(TARGET_NAME)";
				SWIFT_VERSION = 3.0;
			};
			name = Release;
		};
/* End XCBuildConfiguration section */

/* Begin XCConfigurationList section */
		361BD4DB1E92D43D008BFD31 /* Build configuration list for PBXProject "TopPlaces" */ = {
			isa = XCConfigurationList;
			buildConfigurations = (
				361BD4F01E92D43D008BFD31 /* Debug */,
				361BD4F11E92D43D008BFD31 /* Release */,
			);
			defaultConfigurationIsVisible = 0;
			defaultConfigurationName = Release;
		};
		361BD4F21E92D43D008BFD31 /* Build configuration list for PBXNativeTarget "TopPlaces" */ = {
			isa = XCConfigurationList;
			buildConfigurations = (
				361BD4F31E92D43D008BFD31 /* Debug */,
				361BD4F41E92D43D008BFD31 /* Release */,
			);
			defaultConfigurationIsVisible = 0;
		};
/* End XCConfigurationList section */
	};
	rootObject = 361BD4D81E92D43D008BFD31 /* Project object */;
}
